
Microsoft Visual Studio Solution File, Format Version 12.00
# Visual Studio Version 16
VisualStudioVersion = 16.0.29201.188
MinimumVisualStudioVersion = 10.0.40219.1
Project("{9A19103F-16F7-4668-BE54-9A1E7A4F7556}") = "EzQwez", "EzQwez\EzQwez.csproj", "{10DE2AA8-A9F2-41FA-A043-AA7F65C118CD}"
EndProject
Project("{FAE04EC0-301F-11D3-BF4B-00C04F79EFBC}") = "EzQwez.Desktop", "EzQwez.Desktop\EzQwez.Desktop.csproj", "{D5CB7415-B222-4C83-B47E-8E81AB446C16}"
EndProject
Project("{9A19103F-16F7-4668-BE54-9A1E7A4F7556}") = "EzQwez.Domain", "EzQwez.Domain\EzQwez.Domain.csproj", "{86FD2E32-850B-47C8-BE9C-DACE6A28F651}"
EndProject
Project("{9A19103F-16F7-4668-BE54-9A1E7A4F7556}") = "EzQwez.Infrastructure", "EzQwez.Infrastructure\EzQwez.Infrastructure.csproj", "{119A44D6-199B-4A7E-A1C8-78349618F918}"
EndProject
Project("{FAE04EC0-301F-11D3-BF4B-00C04F79EFBC}") = "EzQwez.Application", "EzQwez.Application\EzQwez.Application.csproj", "{BE68E8EA-2567-4116-8C06-092C541F7636}"
EndProject
Global
	GlobalSection(SolutionConfigurationPlatforms) = preSolution
		Debug|Any CPU = Debug|Any CPU
		Release|Any CPU = Release|Any CPU
	EndGlobalSection
	GlobalSection(ProjectConfigurationPlatforms) = postSolution
		{10DE2AA8-A9F2-41FA-A043-AA7F65C118CD}.Debug|Any CPU.ActiveCfg = Debug|Any CPU
		{10DE2AA8-A9F2-41FA-A043-AA7F65C118CD}.Debug|Any CPU.Build.0 = Debug|Any CPU
		{10DE2AA8-A9F2-41FA-A043-AA7F65C118CD}.Release|Any CPU.ActiveCfg = Release|Any CPU
		{10DE2AA8-A9F2-41FA-A043-AA7F65C118CD}.Release|Any CPU.Build.0 = Release|Any CPU
		{D5CB7415-B222-4C83-B47E-8E81AB446C16}.Debug|Any CPU.ActiveCfg = Debug|Any CPU
		{D5CB7415-B222-4C83-B47E-8E81AB446C16}.Debug|Any CPU.Build.0 = Debug|Any CPU
		{D5CB7415-B222-4C83-B47E-8E81AB446C16}.Release|Any CPU.ActiveCfg = Release|Any CPU
		{D5CB7415-B222-4C83-B47E-8E81AB446C16}.Release|Any CPU.Build.0 = Release|Any CPU
		{86FD2E32-850B-47C8-BE9C-DACE6A28F651}.Debug|Any CPU.ActiveCfg = Debug|Any CPU
		{86FD2E32-850B-47C8-BE9C-DACE6A28F651}.Debug|Any CPU.Build.0 = Debug|Any CPU
		{86FD2E32-850B-47C8-BE9C-DACE6A28F651}.Release|Any CPU.ActiveCfg = Release|Any CPU
		{86FD2E32-850B-47C8-BE9C-DACE6A28F651}.Release|Any CPU.Build.0 = Release|Any CPU
		{119A44D6-199B-4A7E-A1C8-78349618F918}.Debug|Any CPU.ActiveCfg = Debug|Any CPU
		{119A44D6-199B-4A7E-A1C8-78349618F918}.Debug|Any CPU.Build.0 = Debug|Any CPU
		{119A44D6-199B-4A7E-A1C8-78349618F918}.Release|Any CPU.ActiveCfg = Release|Any CPU
		{119A44D6-199B-4A7E-A1C8-78349618F918}.Release|Any CPU.Build.0 = Release|Any CPU
		{BE68E8EA-2567-4116-8C06-092C541F7636}.Debug|Any CPU.ActiveCfg = Debug|Any CPU
		{BE68E8EA-2567-4116-8C06-092C541F7636}.Debug|Any CPU.Build.0 = Debug|Any CPU
		{BE68E8EA-2567-4116-8C06-092C541F7636}.Release|Any CPU.ActiveCfg = Release|Any CPU
		{BE68E8EA-2567-4116-8C06-092C541F7636}.Release|Any CPU.Build.0 = Release|Any CPU
	EndGlobalSection
	GlobalSection(SolutionProperties) = preSolution
		HideSolutionNode = FALSE
	EndGlobalSection
	GlobalSection(ExtensibilityGlobals) = postSolution
		SolutionGuid = {9F91FC4C-0E6F-485D-B9C1-7DEE502994C2}
	EndGlobalSection
EndGlobal
